{
  "name": "jinritoutiao",
  "lockfileVersion": 2,
  "requires": true,
  "packages": {
    "": {
      "dependencies": {
        "axios": "^0.27.2",
        "uni-simple-router": "^2.0.8-beta.4"
      }
    },
    "node_modules/_axios@0.27.2@axios": {
      "name": "axios",
      "version": "0.27.2",
      "resolved": "https://registry.npmmirror.com/axios/-/axios-0.27.2.tgz",
      "license": "MIT",
      "dependencies": {
        "follow-redirects": "^1.14.9",
        "form-data": "^4.0.0"
      }
    },
    "node_modules/_axios@0.27.2@axios/node_modules/follow-redirects": {
      "resolved": "node_modules/_follow-redirects@1.14.9@follow-redirects",
      "link": true
    },
    "node_modules/_axios@0.27.2@axios/node_modules/form-data": {
      "resolved": "node_modules/_form-data@4.0.0@form-data",
      "link": true
    },
    "node_modules/axios": {
      "resolved": "node_modules/_axios@0.27.2@axios",
      "link": true
    },
    "node_modules/uni-simple-router": {
      "version": "2.0.8-beta.4",
      "resolved": "https://registry.npmjs.org/uni-simple-router/-/uni-simple-router-2.0.8-beta.4.tgz",
      "integrity": "sha512-ipTHhOaRvjV8qrt3HosX5pNMhwFYBnFOuKyV5joH0evfXubjrGI5tjdwpmwzfW5h3VBth3iAqScv+pW/QmIJXw=="
    }
  },
  "dependencies": {
    "_axios@0.27.2@axios": {
      "version": "https://registry.npmmirror.com/axios/-/axios-0.27.2.tgz",
      "requires": {
        "follow-redirects": "^1.14.9",
        "form-data": "^4.0.0"
      },
      "dependencies": {
        "follow-redirects": {
          "version": "1.14.9"
        },
        "form-data": {
          "version": "4.0.0"
        }
      }
    },
    "axios": {
      "version": "file:node_modules/_axios@0.27.2@axios",
      "requires": {
        "follow-redirects": "^1.14.9",
        "form-data": "^4.0.0"
      },
      "dependencies": {
        "follow-redirects": {
          "version": "1.14.9"
        },
        "form-data": {
          "version": "4.0.0"
        }
      }
    },
    "uni-simple-router": {
      "version": "2.0.8-beta.4",
      "resolved": "https://registry.npmjs.org/uni-simple-router/-/uni-simple-router-2.0.8-beta.4.tgz",
      "integrity": "sha512-ipTHhOaRvjV8qrt3HosX5pNMhwFYBnFOuKyV5joH0evfXubjrGI5tjdwpmwzfW5h3VBth3iAqScv+pW/QmIJXw=="
    }
  }
}
